
Microsoft Visual Studio Solution File, Format Version 12.00
# Visual Studio Version 16
VisualStudioVersion = 16.6.30114.105
MinimumVisualStudioVersion = 10.0.40219.1
Project("{FAE04EC0-301F-11D3-BF4B-00C04F79EFBC}") = "R5T.D0100.Construction", "R5T.D0100.Construction\R5T.D0100.Construction.csproj", "{C07F83D0-8B7C-4E42-9554-682BEE766AC5}"
EndProject
Project("{2150E333-8FDC-42A3-9474-1A3956D46DE8}") = "_Dependencies", "_Dependencies", "{6240AC9C-D2B7-461E-A512-6483332422B8}"
EndProject
Project("{FAE04EC0-301F-11D3-BF4B-00C04F79EFBC}") = "R5T.Plymouth.ProgramAsAService", "..\..\R5T.Plymouth\source\R5T.Plymouth.ProgramAsAService\R5T.Plymouth.ProgramAsAService.csproj", "{F727A388-0D73-46BE-A94D-6B8861C97226}"
EndProject
Project("{FAE04EC0-301F-11D3-BF4B-00C04F79EFBC}") = "R5T.T0027.T009", "..\..\R5T.T0027\source\R5T.T0027.T009\R5T.T0027.T009.csproj", "{38F91C38-0576-408C-8F51-13919DDA479A}"
EndProject
Project("{FAE04EC0-301F-11D3-BF4B-00C04F79EFBC}") = "R5T.D0100.I001", "R5T.D0100.I001\R5T.D0100.I001.csproj", "{F9FEF3A5-0072-4BBC-AE1C-4D653CC988F2}"
EndProject
Project("{FAE04EC0-301F-11D3-BF4B-00C04F79EFBC}") = "R5T.D0100.Base", "R5T.D0100.Base\R5T.D0100.Base.csproj", "{B9D41B50-2615-453C-B6A9-49D514C1A59D}"
EndProject
Project("{FAE04EC0-301F-11D3-BF4B-00C04F79EFBC}") = "R5T.Dacia.Extensions", "..\..\R5T.Dacia.Extensions\source\R5T.Dacia.Extensions\R5T.Dacia.Extensions.csproj", "{560E6D89-6DC9-44F0-BE03-4E17813352FD}"
EndProject
Project("{FAE04EC0-301F-11D3-BF4B-00C04F79EFBC}") = "R5T.Dacia.T002", "..\..\R5T.Dacia\source\R5T.Dacia.T002\R5T.Dacia.T002.csproj", "{51189A69-CA31-4C25-9B9F-75C448527BF8}"
EndProject
Global
	GlobalSection(SolutionConfigurationPlatforms) = preSolution
		Debug|Any CPU = Debug|Any CPU
		Debug|x64 = Debug|x64
		Debug|x86 = Debug|x86
		Release|Any CPU = Release|Any CPU
		Release|x64 = Release|x64
		Release|x86 = Release|x86
	EndGlobalSection
	GlobalSection(SolutionProperties) = preSolution
		HideSolutionNode = FALSE
	EndGlobalSection
	GlobalSection(ProjectConfigurationPlatforms) = postSolution
		{C07F83D0-8B7C-4E42-9554-682BEE766AC5}.Debug|Any CPU.ActiveCfg = Debug|Any CPU
		{C07F83D0-8B7C-4E42-9554-682BEE766AC5}.Debug|Any CPU.Build.0 = Debug|Any CPU
		{C07F83D0-8B7C-4E42-9554-682BEE766AC5}.Debug|x64.ActiveCfg = Debug|Any CPU
		{C07F83D0-8B7C-4E42-9554-682BEE766AC5}.Debug|x64.Build.0 = Debug|Any CPU
		{C07F83D0-8B7C-4E42-9554-682BEE766AC5}.Debug|x86.ActiveCfg = Debug|Any CPU
		{C07F83D0-8B7C-4E42-9554-682BEE766AC5}.Debug|x86.Build.0 = Debug|Any CPU
		{C07F83D0-8B7C-4E42-9554-682BEE766AC5}.Release|Any CPU.ActiveCfg = Release|Any CPU
		{C07F83D0-8B7C-4E42-9554-682BEE766AC5}.Release|Any CPU.Build.0 = Release|Any CPU
		{C07F83D0-8B7C-4E42-9554-682BEE766AC5}.Release|x64.ActiveCfg = Release|Any CPU
		{C07F83D0-8B7C-4E42-9554-682BEE766AC5}.Release|x64.Build.0 = Release|Any CPU
		{C07F83D0-8B7C-4E42-9554-682BEE766AC5}.Release|x86.ActiveCfg = Release|Any CPU
		{C07F83D0-8B7C-4E42-9554-682BEE766AC5}.Release|x86.Build.0 = Release|Any CPU
		{F727A388-0D73-46BE-A94D-6B8861C97226}.Debug|Any CPU.ActiveCfg = Debug|Any CPU
		{F727A388-0D73-46BE-A94D-6B8861C97226}.Debug|Any CPU.Build.0 = Debug|Any CPU
		{F727A388-0D73-46BE-A94D-6B8861C97226}.Debug|x64.ActiveCfg = Debug|Any CPU
		{F727A388-0D73-46BE-A94D-6B8861C97226}.Debug|x64.Build.0 = Debug|Any CPU
		{F727A388-0D73-46BE-A94D-6B8861C97226}.Debug|x86.ActiveCfg = Debug|Any CPU
		{F727A388-0D73-46BE-A94D-6B8861C97226}.Debug|x86.Build.0 = Debug|Any CPU
		{F727A388-0D73-46BE-A94D-6B8861C97226}.Release|Any CPU.ActiveCfg = Release|Any CPU
		{F727A388-0D73-46BE-A94D-6B8861C97226}.Release|Any CPU.Build.0 = Release|Any CPU
		{F727A388-0D73-46BE-A94D-6B8861C97226}.Release|x64.ActiveCfg = Release|Any CPU
		{F727A388-0D73-46BE-A94D-6B8861C97226}.Release|x64.Build.0 = Release|Any CPU
		{F727A388-0D73-46BE-A94D-6B8861C97226}.Release|x86.ActiveCfg = Release|Any CPU
		{F727A388-0D73-46BE-A94D-6B8861C97226}.Release|x86.Build.0 = Release|Any CPU
		{38F91C38-0576-408C-8F51-13919DDA479A}.Debug|Any CPU.ActiveCfg = Debug|Any CPU
		{38F91C38-0576-408C-8F51-13919DDA479A}.Debug|Any CPU.Build.0 = Debug|Any CPU
		{38F91C38-0576-408C-8F51-13919DDA479A}.Debug|x64.ActiveCfg = Debug|Any CPU
		{38F91C38-0576-408C-8F51-13919DDA479A}.Debug|x64.Build.0 = Debug|Any CPU
		{38F91C38-0576-408C-8F51-13919DDA479A}.Debug|x86.ActiveCfg = Debug|Any CPU
		{38F91C38-0576-408C-8F51-13919DDA479A}.Debug|x86.Build.0 = Debug|Any CPU
		{38F91C38-0576-408C-8F51-13919DDA479A}.Release|Any CPU.ActiveCfg = Release|Any CPU
		{38F91C38-0576-408C-8F51-13919DDA479A}.Release|Any CPU.Build.0 = Release|Any CPU
		{38F91C38-0576-408C-8F51-13919DDA479A}.Release|x64.ActiveCfg = Release|Any CPU
		{38F91C38-0576-408C-8F51-13919DDA479A}.Release|x64.Build.0 = Release|Any CPU
		{38F91C38-0576-408C-8F51-13919DDA479A}.Release|x86.ActiveCfg = Release|Any CPU
		{38F91C38-0576-408C-8F51-13919DDA479A}.Release|x86.Build.0 = Release|Any CPU
		{F9FEF3A5-0072-4BBC-AE1C-4D653CC988F2}.Debug|Any CPU.ActiveCfg = Debug|Any CPU
		{F9FEF3A5-0072-4BBC-AE1C-4D653CC988F2}.Debug|Any CPU.Build.0 = Debug|Any CPU
		{F9FEF3A5-0072-4BBC-AE1C-4D653CC988F2}.Debug|x64.ActiveCfg = Debug|Any CPU
		{F9FEF3A5-0072-4BBC-AE1C-4D653CC988F2}.Debug|x64.Build.0 = Debug|Any CPU
		{F9FEF3A5-0072-4BBC-AE1C-4D653CC988F2}.Debug|x86.ActiveCfg = Debug|Any CPU
		{F9FEF3A5-0072-4BBC-AE1C-4D653CC988F2}.Debug|x86.Build.0 = Debug|Any CPU
		{F9FEF3A5-0072-4BBC-AE1C-4D653CC988F2}.Release|Any CPU.ActiveCfg = Release|Any CPU
		{F9FEF3A5-0072-4BBC-AE1C-4D653CC988F2}.Release|Any CPU.Build.0 = Release|Any CPU
		{F9FEF3A5-0072-4BBC-AE1C-4D653CC988F2}.Release|x64.ActiveCfg = Release|Any CPU
		{F9FEF3A5-0072-4BBC-AE1C-4D653CC988F2}.Release|x64.Build.0 = Release|Any CPU
		{F9FEF3A5-0072-4BBC-AE1C-4D653CC988F2}.Release|x86.ActiveCfg = Release|Any CPU
		{F9FEF3A5-0072-4BBC-AE1C-4D653CC988F2}.Release|x86.Build.0 = Release|Any CPU
		{B9D41B50-2615-453C-B6A9-49D514C1A59D}.Debug|Any CPU.ActiveCfg = Debug|Any CPU
		{B9D41B50-2615-453C-B6A9-49D514C1A59D}.Debug|Any CPU.Build.0 = Debug|Any CPU
		{B9D41B50-2615-453C-B6A9-49D514C1A59D}.Debug|x64.ActiveCfg = Debug|Any CPU
		{B9D41B50-2615-453C-B6A9-49D514C1A59D}.Debug|x64.Build.0 = Debug|Any CPU
		{B9D41B50-2615-453C-B6A9-49D514C1A59D}.Debug|x86.ActiveCfg = Debug|Any CPU
		{B9D41B50-2615-453C-B6A9-49D514C1A59D}.Debug|x86.Build.0 = Debug|Any CPU
		{B9D41B50-2615-453C-B6A9-49D514C1A59D}.Release|Any CPU.ActiveCfg = Release|Any CPU
		{B9D41B50-2615-453C-B6A9-49D514C1A59D}.Release|Any CPU.Build.0 = Release|Any CPU
		{B9D41B50-2615-453C-B6A9-49D514C1A59D}.Release|x64.ActiveCfg = Release|Any CPU
		{B9D41B50-2615-453C-B6A9-49D514C1A59D}.Release|x64.Build.0 = Release|Any CPU
		{B9D41B50-2615-453C-B6A9-49D514C1A59D}.Release|x86.ActiveCfg = Release|Any CPU
		{B9D41B50-2615-453C-B6A9-49D514C1A59D}.Release|x86.Build.0 = Release|Any CPU
		{560E6D89-6DC9-44F0-BE03-4E17813352FD}.Debug|Any CPU.ActiveCfg = Debug|Any CPU
		{560E6D89-6DC9-44F0-BE03-4E17813352FD}.Debug|Any CPU.Build.0 = Debug|Any CPU
		{560E6D89-6DC9-44F0-BE03-4E17813352FD}.Debug|x64.ActiveCfg = Debug|Any CPU
		{560E6D89-6DC9-44F0-BE03-4E17813352FD}.Debug|x64.Build.0 = Debug|Any CPU
		{560E6D89-6DC9-44F0-BE03-4E17813352FD}.Debug|x86.ActiveCfg = Debug|Any CPU
		{560E6D89-6DC9-44F0-BE03-4E17813352FD}.Debug|x86.Build.0 = Debug|Any CPU
		{560E6D89-6DC9-44F0-BE03-4E17813352FD}.Release|Any CPU.ActiveCfg = Release|Any CPU
		{560E6D89-6DC9-44F0-BE03-4E17813352FD}.Release|Any CPU.Build.0 = Release|Any CPU
		{560E6D89-6DC9-44F0-BE03-4E17813352FD}.Release|x64.ActiveCfg = Release|Any CPU
		{560E6D89-6DC9-44F0-BE03-4E17813352FD}.Release|x64.Build.0 = Release|Any CPU
		{560E6D89-6DC9-44F0-BE03-4E17813352FD}.Release|x86.ActiveCfg = Release|Any CPU
		{560E6D89-6DC9-44F0-BE03-4E17813352FD}.Release|x86.Build.0 = Release|Any CPU
		{51189A69-CA31-4C25-9B9F-75C448527BF8}.Debug|Any CPU.ActiveCfg = Debug|Any CPU
		{51189A69-CA31-4C25-9B9F-75C448527BF8}.Debug|Any CPU.Build.0 = Debug|Any CPU
		{51189A69-CA31-4C25-9B9F-75C448527BF8}.Debug|x64.ActiveCfg = Debug|Any CPU
		{51189A69-CA31-4C25-9B9F-75C448527BF8}.Debug|x64.Build.0 = Debug|Any CPU
		{51189A69-CA31-4C25-9B9F-75C448527BF8}.Debug|x86.ActiveCfg = Debug|Any CPU
		{51189A69-CA31-4C25-9B9F-75C448527BF8}.Debug|x86.Build.0 = Debug|Any CPU
		{51189A69-CA31-4C25-9B9F-75C448527BF8}.Release|Any CPU.ActiveCfg = Release|Any CPU
		{51189A69-CA31-4C25-9B9F-75C448527BF8}.Release|Any CPU.Build.0 = Release|Any CPU
		{51189A69-CA31-4C25-9B9F-75C448527BF8}.Release|x64.ActiveCfg = Release|Any CPU
		{51189A69-CA31-4C25-9B9F-75C448527BF8}.Release|x64.Build.0 = Release|Any CPU
		{51189A69-CA31-4C25-9B9F-75C448527BF8}.Release|x86.ActiveCfg = Release|Any CPU
		{51189A69-CA31-4C25-9B9F-75C448527BF8}.Release|x86.Build.0 = Release|Any CPU
	EndGlobalSection
	GlobalSection(NestedProjects) = preSolution
		{F727A388-0D73-46BE-A94D-6B8861C97226} = {6240AC9C-D2B7-461E-A512-6483332422B8}
		{38F91C38-0576-408C-8F51-13919DDA479A} = {6240AC9C-D2B7-461E-A512-6483332422B8}
		{560E6D89-6DC9-44F0-BE03-4E17813352FD} = {6240AC9C-D2B7-461E-A512-6483332422B8}
		{51189A69-CA31-4C25-9B9F-75C448527BF8} = {6240AC9C-D2B7-461E-A512-6483332422B8}
	EndGlobalSection
EndGlobal
