
Microsoft Visual Studio Solution File, Format Version 12.00
# Visual Studio Version 16
VisualStudioVersion = 16.6.30114.105
MinimumVisualStudioVersion = 10.0.40219.1
Project("{FAE04EC0-301F-11D3-BF4B-00C04F79EFBC}") = "R5T.D0100.A001", "R5T.D0100.A001\R5T.D0100.A001.csproj", "{E628A142-9366-41F9-8D91-7B0A358A95FF}"
EndProject
Project("{FAE04EC0-301F-11D3-BF4B-00C04F79EFBC}") = "R5T.D0100.I001", "R5T.D0100.I001\R5T.D0100.I001.csproj", "{73CEAF2A-406A-4304-A7F9-F33DD3D792D8}"
EndProject
Project("{FAE04EC0-301F-11D3-BF4B-00C04F79EFBC}") = "R5T.D0100.Base", "R5T.D0100.Base\R5T.D0100.Base.csproj", "{C5819F3A-17BC-44BC-94DA-DB05D5FEFAC1}"
EndProject
Project("{2150E333-8FDC-42A3-9474-1A3956D46DE8}") = "_Dependencies", "_Dependencies", "{1942140C-ED4F-4494-95B4-D1B90D5EA24E}"
EndProject
Project("{FAE04EC0-301F-11D3-BF4B-00C04F79EFBC}") = "R5T.Dacia.Extensions", "..\..\R5T.Dacia.Extensions\source\R5T.Dacia.Extensions\R5T.Dacia.Extensions.csproj", "{22C0F388-235D-41E1-943C-B0A751210B27}"
EndProject
Project("{FAE04EC0-301F-11D3-BF4B-00C04F79EFBC}") = "R5T.Dacia.T002", "..\..\R5T.Dacia\source\R5T.Dacia.T002\R5T.Dacia.T002.csproj", "{503267A9-973D-4D31-AD5C-AB1184A42403}"
EndProject
Global
	GlobalSection(SolutionConfigurationPlatforms) = preSolution
		Debug|Any CPU = Debug|Any CPU
		Debug|x64 = Debug|x64
		Debug|x86 = Debug|x86
		Release|Any CPU = Release|Any CPU
		Release|x64 = Release|x64
		Release|x86 = Release|x86
	EndGlobalSection
	GlobalSection(SolutionProperties) = preSolution
		HideSolutionNode = FALSE
	EndGlobalSection
	GlobalSection(ProjectConfigurationPlatforms) = postSolution
		{E628A142-9366-41F9-8D91-7B0A358A95FF}.Debug|Any CPU.ActiveCfg = Debug|Any CPU
		{E628A142-9366-41F9-8D91-7B0A358A95FF}.Debug|Any CPU.Build.0 = Debug|Any CPU
		{E628A142-9366-41F9-8D91-7B0A358A95FF}.Debug|x64.ActiveCfg = Debug|Any CPU
		{E628A142-9366-41F9-8D91-7B0A358A95FF}.Debug|x64.Build.0 = Debug|Any CPU
		{E628A142-9366-41F9-8D91-7B0A358A95FF}.Debug|x86.ActiveCfg = Debug|Any CPU
		{E628A142-9366-41F9-8D91-7B0A358A95FF}.Debug|x86.Build.0 = Debug|Any CPU
		{E628A142-9366-41F9-8D91-7B0A358A95FF}.Release|Any CPU.ActiveCfg = Release|Any CPU
		{E628A142-9366-41F9-8D91-7B0A358A95FF}.Release|Any CPU.Build.0 = Release|Any CPU
		{E628A142-9366-41F9-8D91-7B0A358A95FF}.Release|x64.ActiveCfg = Release|Any CPU
		{E628A142-9366-41F9-8D91-7B0A358A95FF}.Release|x64.Build.0 = Release|Any CPU
		{E628A142-9366-41F9-8D91-7B0A358A95FF}.Release|x86.ActiveCfg = Release|Any CPU
		{E628A142-9366-41F9-8D91-7B0A358A95FF}.Release|x86.Build.0 = Release|Any CPU
		{73CEAF2A-406A-4304-A7F9-F33DD3D792D8}.Debug|Any CPU.ActiveCfg = Debug|Any CPU
		{73CEAF2A-406A-4304-A7F9-F33DD3D792D8}.Debug|Any CPU.Build.0 = Debug|Any CPU
		{73CEAF2A-406A-4304-A7F9-F33DD3D792D8}.Debug|x64.ActiveCfg = Debug|Any CPU
		{73CEAF2A-406A-4304-A7F9-F33DD3D792D8}.Debug|x64.Build.0 = Debug|Any CPU
		{73CEAF2A-406A-4304-A7F9-F33DD3D792D8}.Debug|x86.ActiveCfg = Debug|Any CPU
		{73CEAF2A-406A-4304-A7F9-F33DD3D792D8}.Debug|x86.Build.0 = Debug|Any CPU
		{73CEAF2A-406A-4304-A7F9-F33DD3D792D8}.Release|Any CPU.ActiveCfg = Release|Any CPU
		{73CEAF2A-406A-4304-A7F9-F33DD3D792D8}.Release|Any CPU.Build.0 = Release|Any CPU
		{73CEAF2A-406A-4304-A7F9-F33DD3D792D8}.Release|x64.ActiveCfg = Release|Any CPU
		{73CEAF2A-406A-4304-A7F9-F33DD3D792D8}.Release|x64.Build.0 = Release|Any CPU
		{73CEAF2A-406A-4304-A7F9-F33DD3D792D8}.Release|x86.ActiveCfg = Release|Any CPU
		{73CEAF2A-406A-4304-A7F9-F33DD3D792D8}.Release|x86.Build.0 = Release|Any CPU
		{C5819F3A-17BC-44BC-94DA-DB05D5FEFAC1}.Debug|Any CPU.ActiveCfg = Debug|Any CPU
		{C5819F3A-17BC-44BC-94DA-DB05D5FEFAC1}.Debug|Any CPU.Build.0 = Debug|Any CPU
		{C5819F3A-17BC-44BC-94DA-DB05D5FEFAC1}.Debug|x64.ActiveCfg = Debug|Any CPU
		{C5819F3A-17BC-44BC-94DA-DB05D5FEFAC1}.Debug|x64.Build.0 = Debug|Any CPU
		{C5819F3A-17BC-44BC-94DA-DB05D5FEFAC1}.Debug|x86.ActiveCfg = Debug|Any CPU
		{C5819F3A-17BC-44BC-94DA-DB05D5FEFAC1}.Debug|x86.Build.0 = Debug|Any CPU
		{C5819F3A-17BC-44BC-94DA-DB05D5FEFAC1}.Release|Any CPU.ActiveCfg = Release|Any CPU
		{C5819F3A-17BC-44BC-94DA-DB05D5FEFAC1}.Release|Any CPU.Build.0 = Release|Any CPU
		{C5819F3A-17BC-44BC-94DA-DB05D5FEFAC1}.Release|x64.ActiveCfg = Release|Any CPU
		{C5819F3A-17BC-44BC-94DA-DB05D5FEFAC1}.Release|x64.Build.0 = Release|Any CPU
		{C5819F3A-17BC-44BC-94DA-DB05D5FEFAC1}.Release|x86.ActiveCfg = Release|Any CPU
		{C5819F3A-17BC-44BC-94DA-DB05D5FEFAC1}.Release|x86.Build.0 = Release|Any CPU
		{22C0F388-235D-41E1-943C-B0A751210B27}.Debug|Any CPU.ActiveCfg = Debug|Any CPU
		{22C0F388-235D-41E1-943C-B0A751210B27}.Debug|Any CPU.Build.0 = Debug|Any CPU
		{22C0F388-235D-41E1-943C-B0A751210B27}.Debug|x64.ActiveCfg = Debug|Any CPU
		{22C0F388-235D-41E1-943C-B0A751210B27}.Debug|x64.Build.0 = Debug|Any CPU
		{22C0F388-235D-41E1-943C-B0A751210B27}.Debug|x86.ActiveCfg = Debug|Any CPU
		{22C0F388-235D-41E1-943C-B0A751210B27}.Debug|x86.Build.0 = Debug|Any CPU
		{22C0F388-235D-41E1-943C-B0A751210B27}.Release|Any CPU.ActiveCfg = Release|Any CPU
		{22C0F388-235D-41E1-943C-B0A751210B27}.Release|Any CPU.Build.0 = Release|Any CPU
		{22C0F388-235D-41E1-943C-B0A751210B27}.Release|x64.ActiveCfg = Release|Any CPU
		{22C0F388-235D-41E1-943C-B0A751210B27}.Release|x64.Build.0 = Release|Any CPU
		{22C0F388-235D-41E1-943C-B0A751210B27}.Release|x86.ActiveCfg = Release|Any CPU
		{22C0F388-235D-41E1-943C-B0A751210B27}.Release|x86.Build.0 = Release|Any CPU
		{503267A9-973D-4D31-AD5C-AB1184A42403}.Debug|Any CPU.ActiveCfg = Debug|Any CPU
		{503267A9-973D-4D31-AD5C-AB1184A42403}.Debug|Any CPU.Build.0 = Debug|Any CPU
		{503267A9-973D-4D31-AD5C-AB1184A42403}.Debug|x64.ActiveCfg = Debug|Any CPU
		{503267A9-973D-4D31-AD5C-AB1184A42403}.Debug|x64.Build.0 = Debug|Any CPU
		{503267A9-973D-4D31-AD5C-AB1184A42403}.Debug|x86.ActiveCfg = Debug|Any CPU
		{503267A9-973D-4D31-AD5C-AB1184A42403}.Debug|x86.Build.0 = Debug|Any CPU
		{503267A9-973D-4D31-AD5C-AB1184A42403}.Release|Any CPU.ActiveCfg = Release|Any CPU
		{503267A9-973D-4D31-AD5C-AB1184A42403}.Release|Any CPU.Build.0 = Release|Any CPU
		{503267A9-973D-4D31-AD5C-AB1184A42403}.Release|x64.ActiveCfg = Release|Any CPU
		{503267A9-973D-4D31-AD5C-AB1184A42403}.Release|x64.Build.0 = Release|Any CPU
		{503267A9-973D-4D31-AD5C-AB1184A42403}.Release|x86.ActiveCfg = Release|Any CPU
		{503267A9-973D-4D31-AD5C-AB1184A42403}.Release|x86.Build.0 = Release|Any CPU
	EndGlobalSection
	GlobalSection(NestedProjects) = preSolution
		{22C0F388-235D-41E1-943C-B0A751210B27} = {1942140C-ED4F-4494-95B4-D1B90D5EA24E}
		{503267A9-973D-4D31-AD5C-AB1184A42403} = {1942140C-ED4F-4494-95B4-D1B90D5EA24E}
	EndGlobalSection
EndGlobal
