
Microsoft Visual Studio Solution File, Format Version 12.00
# Visual Studio Version 16
VisualStudioVersion = 16.6.30114.105
MinimumVisualStudioVersion = 10.0.40219.1
Project("{9A19103F-16F7-4668-BE54-9A1E7A4F7556}") = "R5T.D0100.Base", "R5T.D0100.Base\R5T.D0100.Base.csproj", "{3A247642-4728-48F2-A0E8-DE747849E7A4}"
EndProject
Project("{2150E333-8FDC-42A3-9474-1A3956D46DE8}") = "_Dependencies", "_Dependencies", "{A011894A-8C5F-418C-9ED8-C15E6419C51A}"
EndProject
Project("{9A19103F-16F7-4668-BE54-9A1E7A4F7556}") = "R5T.T0064", "..\..\R5T.T0064\source\R5T.T0064\R5T.T0064.csproj", "{5D52516D-BEC9-4A18-B4F9-F566F0D66F2A}"
EndProject
Project("{9A19103F-16F7-4668-BE54-9A1E7A4F7556}") = "R5T.D0100.X001", "R5T.D0100.X001\R5T.D0100.X001.csproj", "{5A6FEFAF-4086-491D-BC25-97EA07FAA7FE}"
EndProject
Project("{9A19103F-16F7-4668-BE54-9A1E7A4F7556}") = "R5T.T0095", "..\..\R5T.T0095\source\R5T.T0095\R5T.T0095.csproj", "{2B2624EC-B338-4880-AA51-529FEE22BF64}"
EndProject
Project("{9A19103F-16F7-4668-BE54-9A1E7A4F7556}") = "R5T.Magyar", "..\..\R5T.Magyar\source\R5T.Magyar\R5T.Magyar.csproj", "{AC679DD1-2287-4758-91EA-1A138866BB7C}"
EndProject
Global
	GlobalSection(SolutionConfigurationPlatforms) = preSolution
		Debug|Any CPU = Debug|Any CPU
		Debug|x64 = Debug|x64
		Debug|x86 = Debug|x86
		Release|Any CPU = Release|Any CPU
		Release|x64 = Release|x64
		Release|x86 = Release|x86
	EndGlobalSection
	GlobalSection(ProjectConfigurationPlatforms) = postSolution
		{3A247642-4728-48F2-A0E8-DE747849E7A4}.Debug|Any CPU.ActiveCfg = Debug|Any CPU
		{3A247642-4728-48F2-A0E8-DE747849E7A4}.Debug|Any CPU.Build.0 = Debug|Any CPU
		{3A247642-4728-48F2-A0E8-DE747849E7A4}.Debug|x64.ActiveCfg = Debug|Any CPU
		{3A247642-4728-48F2-A0E8-DE747849E7A4}.Debug|x64.Build.0 = Debug|Any CPU
		{3A247642-4728-48F2-A0E8-DE747849E7A4}.Debug|x86.ActiveCfg = Debug|Any CPU
		{3A247642-4728-48F2-A0E8-DE747849E7A4}.Debug|x86.Build.0 = Debug|Any CPU
		{3A247642-4728-48F2-A0E8-DE747849E7A4}.Release|Any CPU.ActiveCfg = Release|Any CPU
		{3A247642-4728-48F2-A0E8-DE747849E7A4}.Release|Any CPU.Build.0 = Release|Any CPU
		{3A247642-4728-48F2-A0E8-DE747849E7A4}.Release|x64.ActiveCfg = Release|Any CPU
		{3A247642-4728-48F2-A0E8-DE747849E7A4}.Release|x64.Build.0 = Release|Any CPU
		{3A247642-4728-48F2-A0E8-DE747849E7A4}.Release|x86.ActiveCfg = Release|Any CPU
		{3A247642-4728-48F2-A0E8-DE747849E7A4}.Release|x86.Build.0 = Release|Any CPU
		{5D52516D-BEC9-4A18-B4F9-F566F0D66F2A}.Debug|Any CPU.ActiveCfg = Debug|Any CPU
		{5D52516D-BEC9-4A18-B4F9-F566F0D66F2A}.Debug|Any CPU.Build.0 = Debug|Any CPU
		{5D52516D-BEC9-4A18-B4F9-F566F0D66F2A}.Debug|x64.ActiveCfg = Debug|Any CPU
		{5D52516D-BEC9-4A18-B4F9-F566F0D66F2A}.Debug|x64.Build.0 = Debug|Any CPU
		{5D52516D-BEC9-4A18-B4F9-F566F0D66F2A}.Debug|x86.ActiveCfg = Debug|Any CPU
		{5D52516D-BEC9-4A18-B4F9-F566F0D66F2A}.Debug|x86.Build.0 = Debug|Any CPU
		{5D52516D-BEC9-4A18-B4F9-F566F0D66F2A}.Release|Any CPU.ActiveCfg = Release|Any CPU
		{5D52516D-BEC9-4A18-B4F9-F566F0D66F2A}.Release|Any CPU.Build.0 = Release|Any CPU
		{5D52516D-BEC9-4A18-B4F9-F566F0D66F2A}.Release|x64.ActiveCfg = Release|Any CPU
		{5D52516D-BEC9-4A18-B4F9-F566F0D66F2A}.Release|x64.Build.0 = Release|Any CPU
		{5D52516D-BEC9-4A18-B4F9-F566F0D66F2A}.Release|x86.ActiveCfg = Release|Any CPU
		{5D52516D-BEC9-4A18-B4F9-F566F0D66F2A}.Release|x86.Build.0 = Release|Any CPU
		{5A6FEFAF-4086-491D-BC25-97EA07FAA7FE}.Debug|Any CPU.ActiveCfg = Debug|Any CPU
		{5A6FEFAF-4086-491D-BC25-97EA07FAA7FE}.Debug|Any CPU.Build.0 = Debug|Any CPU
		{5A6FEFAF-4086-491D-BC25-97EA07FAA7FE}.Debug|x64.ActiveCfg = Debug|Any CPU
		{5A6FEFAF-4086-491D-BC25-97EA07FAA7FE}.Debug|x64.Build.0 = Debug|Any CPU
		{5A6FEFAF-4086-491D-BC25-97EA07FAA7FE}.Debug|x86.ActiveCfg = Debug|Any CPU
		{5A6FEFAF-4086-491D-BC25-97EA07FAA7FE}.Debug|x86.Build.0 = Debug|Any CPU
		{5A6FEFAF-4086-491D-BC25-97EA07FAA7FE}.Release|Any CPU.ActiveCfg = Release|Any CPU
		{5A6FEFAF-4086-491D-BC25-97EA07FAA7FE}.Release|Any CPU.Build.0 = Release|Any CPU
		{5A6FEFAF-4086-491D-BC25-97EA07FAA7FE}.Release|x64.ActiveCfg = Release|Any CPU
		{5A6FEFAF-4086-491D-BC25-97EA07FAA7FE}.Release|x64.Build.0 = Release|Any CPU
		{5A6FEFAF-4086-491D-BC25-97EA07FAA7FE}.Release|x86.ActiveCfg = Release|Any CPU
		{5A6FEFAF-4086-491D-BC25-97EA07FAA7FE}.Release|x86.Build.0 = Release|Any CPU
		{2B2624EC-B338-4880-AA51-529FEE22BF64}.Debug|Any CPU.ActiveCfg = Debug|Any CPU
		{2B2624EC-B338-4880-AA51-529FEE22BF64}.Debug|Any CPU.Build.0 = Debug|Any CPU
		{2B2624EC-B338-4880-AA51-529FEE22BF64}.Debug|x64.ActiveCfg = Debug|Any CPU
		{2B2624EC-B338-4880-AA51-529FEE22BF64}.Debug|x64.Build.0 = Debug|Any CPU
		{2B2624EC-B338-4880-AA51-529FEE22BF64}.Debug|x86.ActiveCfg = Debug|Any CPU
		{2B2624EC-B338-4880-AA51-529FEE22BF64}.Debug|x86.Build.0 = Debug|Any CPU
		{2B2624EC-B338-4880-AA51-529FEE22BF64}.Release|Any CPU.ActiveCfg = Release|Any CPU
		{2B2624EC-B338-4880-AA51-529FEE22BF64}.Release|Any CPU.Build.0 = Release|Any CPU
		{2B2624EC-B338-4880-AA51-529FEE22BF64}.Release|x64.ActiveCfg = Release|Any CPU
		{2B2624EC-B338-4880-AA51-529FEE22BF64}.Release|x64.Build.0 = Release|Any CPU
		{2B2624EC-B338-4880-AA51-529FEE22BF64}.Release|x86.ActiveCfg = Release|Any CPU
		{2B2624EC-B338-4880-AA51-529FEE22BF64}.Release|x86.Build.0 = Release|Any CPU
		{AC679DD1-2287-4758-91EA-1A138866BB7C}.Debug|Any CPU.ActiveCfg = Debug|Any CPU
		{AC679DD1-2287-4758-91EA-1A138866BB7C}.Debug|Any CPU.Build.0 = Debug|Any CPU
		{AC679DD1-2287-4758-91EA-1A138866BB7C}.Debug|x64.ActiveCfg = Debug|Any CPU
		{AC679DD1-2287-4758-91EA-1A138866BB7C}.Debug|x64.Build.0 = Debug|Any CPU
		{AC679DD1-2287-4758-91EA-1A138866BB7C}.Debug|x86.ActiveCfg = Debug|Any CPU
		{AC679DD1-2287-4758-91EA-1A138866BB7C}.Debug|x86.Build.0 = Debug|Any CPU
		{AC679DD1-2287-4758-91EA-1A138866BB7C}.Release|Any CPU.ActiveCfg = Release|Any CPU
		{AC679DD1-2287-4758-91EA-1A138866BB7C}.Release|Any CPU.Build.0 = Release|Any CPU
		{AC679DD1-2287-4758-91EA-1A138866BB7C}.Release|x64.ActiveCfg = Release|Any CPU
		{AC679DD1-2287-4758-91EA-1A138866BB7C}.Release|x64.Build.0 = Release|Any CPU
		{AC679DD1-2287-4758-91EA-1A138866BB7C}.Release|x86.ActiveCfg = Release|Any CPU
		{AC679DD1-2287-4758-91EA-1A138866BB7C}.Release|x86.Build.0 = Release|Any CPU
	EndGlobalSection
	GlobalSection(SolutionProperties) = preSolution
		HideSolutionNode = FALSE
	EndGlobalSection
	GlobalSection(NestedProjects) = preSolution
		{5D52516D-BEC9-4A18-B4F9-F566F0D66F2A} = {A011894A-8C5F-418C-9ED8-C15E6419C51A}
		{2B2624EC-B338-4880-AA51-529FEE22BF64} = {A011894A-8C5F-418C-9ED8-C15E6419C51A}
		{AC679DD1-2287-4758-91EA-1A138866BB7C} = {A011894A-8C5F-418C-9ED8-C15E6419C51A}
	EndGlobalSection
	GlobalSection(ExtensibilityGlobals) = postSolution
		SolutionGuid = {A9FB2C5B-6302-4CCD-AC46-F2950282D272}
	EndGlobalSection
EndGlobal
